
Microsoft Visual Studio Solution File, Format Version 12.00
# Visual Studio 15
VisualStudioVersion = 15.0.28307.1062
MinimumVisualStudioVersion = 10.0.40219.1
Project("{FAE04EC0-301F-11D3-BF4B-00C04F79EFBC}") = "GitHub", "GitHub\GitHub.csproj", "{869DB2EB-4623-4963-9C47-BDEB4AAD4D3C}"
EndProject
Global
	GlobalSection(SolutionConfigurationPlatforms) = preSolution
		Debug|Any CPU = Debug|Any CPU
		Release|Any CPU = Release|Any CPU
	EndGlobalSection
	GlobalSection(ProjectConfigurationPlatforms) = postSolution
		{869DB2EB-4623-4963-9C47-BDEB4AAD4D3C}.Debug|Any CPU.ActiveCfg = Debug|Any CPU
		{869DB2EB-4623-4963-9C47-BDEB4AAD4D3C}.Debug|Any CPU.Build.0 = Debug|Any CPU
		{869DB2EB-4623-4963-9C47-BDEB4AAD4D3C}.Release|Any CPU.ActiveCfg = Release|Any CPU
		{869DB2EB-4623-4963-9C47-BDEB4AAD4D3C}.Release|Any CPU.Build.0 = Release|Any CPU
	EndGlobalSection
	GlobalSection(SolutionProperties) = preSolution
		HideSolutionNode = FALSE
	EndGlobalSection
	GlobalSection(ExtensibilityGlobals) = postSolution
		SolutionGuid = {438612B1-CB6A-40FD-9C31-2CEC9B90AF74}
	EndGlobalSection
EndGlobal
